[[package]]
name = "atomicwrites"
version = "1.4.0"
description = "Atomic file writes."
category = "dev"
optional = false
python-versions = ">=2.7, !=3.0.*, !=3.1.*, !=3.2.*, !=3.3.*"

[[package]]
name = "attrs"
version = "21.4.0"
description = "Classes Without Boilerplate"
category = "dev"
optional = false
python-versions = ">=2.7, !=3.0.*, !=3.1.*, !=3.2.*, !=3.3.*, !=3.4.*"

[package.extras]
dev = ["coverage[toml] (>=5.0.2)", "hypothesis", "pympler", "pytest (>=4.3.0)", "six", "mypy", "pytest-mypy-plugins", "zope.interface", "furo", "sphinx", "sphinx-notfound-page", "pre-commit", "cloudpickle"]
docs = ["furo", "sphinx", "zope.interface", "sphinx-notfound-page"]
tests = ["coverage[toml] (>=5.0.2)", "hypothesis", "pympler", "pytest (>=4.3.0)", "six", "mypy", "pytest-mypy-plugins", "zope.interface", "cloudpickle"]
tests_no_zope = ["coverage[toml] (>=5.0.2)", "hypothesis", "pympler", "pytest (>=4.3.0)", "six", "mypy", "pytest-mypy-plugins", "cloudpickle"]

[[package]]
name = "certifi"
version = "2022.6.15"
description = "Python package for providing Mozilla's CA Bundle."
category = "main"
optional = false
python-versions = ">=3.6"

[[package]]
name = "charset-normalizer"
version = "2.0.12"
description = "The Real First Universal Charset Detector. Open, modern and actively maintained alternative to Chardet."
category = "main"
optional = false
python-versions = ">=3.5.0"

[package.extras]
unicode_backport = ["unicodedata2"]

[[package]]
name = "colorama"
version = "0.4.4"
description = "Cross-platform colored terminal text."
category = "dev"
optional = false
python-versions = ">=2.7, !=3.0.*, !=3.1.*, !=3.2.*, !=3.3.*, !=3.4.*"

[[package]]
name = "commonmark"
version = "0.9.1"
description = "Python parser for the CommonMark Markdown spec"
category = "main"
optional = false
python-versions = "*"

[package.extras]
test = ["flake8 (==3.7.8)", "hypothesis (==3.55.3)"]

[[package]]
name = "idna"
version = "3.3"
description = "Internationalized Domain Names in Applications (IDNA)"
category = "main"
optional = false
python-versions = ">=3.5"

[[package]]
name = "imap-tools"
version = "0.55.0"
description = "Work with email by IMAP"
category = "main"
optional = false
python-versions = "*"

[[package]]
name = "importlib-metadata"
version = "4.11.3"
description = "Read metadata from Python packages"
category = "dev"
optional = false
python-versions = ">=3.7"

[package.dependencies]
typing-extensions = {version = ">=3.6.4", markers = "python_version < \"3.8\""}
zipp = ">=0.5"

[package.extras]
docs = ["sphinx", "jaraco.packaging (>=9)", "rst.linker (>=1.9)"]
perf = ["ipython"]
testing = ["pytest (>=6)", "pytest-checkdocs (>=2.4)", "pytest-flake8", "pytest-cov", "pytest-enabler (>=1.0.1)", "packaging", "pyfakefs", "flufl.flake8", "pytest-perf (>=0.9.2)", "pytest-black (>=0.3.7)", "pytest-mypy (>=0.9.1)", "importlib-resources (>=1.3)"]

[[package]]
name = "more-itertools"
version = "8.13.0"
description = "More routines for operating on iterables, beyond itertools"
category = "dev"
optional = false
python-versions = ">=3.5"

[[package]]
name = "packaging"
version = "21.3"
description = "Core utilities for Python packages"
category = "dev"
optional = false
python-versions = ">=3.6"

[package.dependencies]
pyparsing = ">=2.0.2,<3.0.5 || >3.0.5"

[[package]]
name = "pluggy"
version = "0.13.1"
description = "plugin and hook calling mechanisms for python"
category = "dev"
optional = false
python-versions = ">=2.7, !=3.0.*, !=3.1.*, !=3.2.*, !=3.3.*"

[package.dependencies]
importlib-metadata = {version = ">=0.12", markers = "python_version < \"3.8\""}

[package.extras]
dev = ["pre-commit", "tox"]

[[package]]
name = "py"
version = "1.11.0"
description = "library with cross-python path, ini-parsing, io, code, log facilities"
category = "dev"
optional = false
python-versions = ">=2.7, !=3.0.*, !=3.1.*, !=3.2.*, !=3.3.*, !=3.4.*"

[[package]]
name = "pygments"
version = "2.12.0"
description = "Pygments is a syntax highlighting package written in Python."
category = "main"
optional = false
python-versions = ">=3.6"

[[package]]
name = "pyparsing"
version = "3.0.9"
description = "pyparsing module - Classes and methods to define and execute parsing grammars"
category = "dev"
optional = false
python-versions = ">=3.6.8"

[package.extras]
diagrams = ["railroad-diagrams", "jinja2"]

[[package]]
name = "pytest"
version = "5.4.3"
description = "pytest: simple powerful testing with Python"
category = "dev"
optional = false
python-versions = ">=3.5"

[package.dependencies]
atomicwrites = {version = ">=1.0", markers = "sys_platform == \"win32\""}
attrs = ">=17.4.0"
colorama = {version = "*", markers = "sys_platform == \"win32\""}
importlib-metadata = {version = ">=0.12", markers = "python_version < \"3.8\""}
more-itertools = ">=4.0.0"
packaging = "*"
pluggy = ">=0.12,<1.0"
py = ">=1.5.0"
wcwidth = "*"

[package.extras]
checkqa-mypy = ["mypy (==v0.761)"]
testing = ["argcomplete", "hypothesis (>=3.56)", "mock", "nose", "requests", "xmlschema"]

[[package]]
name = "q"
version = "2.6"
description = "Quick-and-dirty debugging output for tired programmers"
category = "dev"
optional = false
python-versions = "*"

[[package]]
name = "requests"
version = "2.28.0"
description = "Python HTTP for Humans."
category = "main"
optional = false
python-versions = ">=3.7, <4"

[package.dependencies]
certifi = ">=2017.4.17"
charset-normalizer = ">=2.0.0,<2.1.0"
idna = ">=2.5,<4"
urllib3 = ">=1.21.1,<1.27"

[package.extras]
socks = ["PySocks (>=1.5.6,!=1.5.7)"]
use_chardet_on_py3 = ["chardet (>=3.0.2,<5)"]

[[package]]
name = "rich"
version = "12.4.4"
description = "Render rich text, tables, progress bars, syntax highlighting, markdown and more to the terminal"
category = "main"
optional = false
python-versions = ">=3.6.3,<4.0.0"

[package.dependencies]
commonmark = ">=0.9.0,<0.10.0"
pygments = ">=2.6.0,<3.0.0"
typing-extensions = {version = ">=4.0.0,<5.0", markers = "python_version < \"3.9\""}

[package.extras]
jupyter = ["ipywidgets (>=7.5.1,<8.0.0)"]

[[package]]
name = "tomli"
version = "2.0.1"
description = "A lil' TOML parser"
category = "main"
optional = false
python-versions = ">=3.7"

[[package]]
name = "typing-extensions"
version = "4.2.0"
description = "Backported and Experimental Type Hints for Python 3.7+"
category = "main"
optional = false
python-versions = ">=3.7"

[[package]]
name = "urllib3"
version = "1.26.9"
description = "HTTP library with thread-safe connection pooling, file post, and more."
category = "main"
optional = false
python-versions = ">=2.7, !=3.0.*, !=3.1.*, !=3.2.*, !=3.3.*, !=3.4.*, <4"

[package.extras]
brotli = ["brotlicffi (>=0.8.0)", "brotli (>=1.0.9)", "brotlipy (>=0.6.0)"]
secure = ["pyOpenSSL (>=0.14)", "cryptography (>=1.3.4)", "idna (>=2.0.0)", "certifi", "ipaddress"]
socks = ["PySocks (>=1.5.6,!=1.5.7,<2.0)"]

[[package]]
name = "wcwidth"
version = "0.2.5"
description = "Measures the displayed width of unicode strings in a terminal"
category = "dev"
optional = false
python-versions = "*"

[[package]]
name = "zipp"
version = "3.8.0"
description = "Backport of pathlib-compatible object wrapper for zip files"
category = "dev"
optional = false
python-versions = ">=3.7"

[package.extras]
docs = ["sphinx", "jaraco.packaging (>=9)", "rst.linker (>=1.9)"]
testing = ["pytest (>=6)", "pytest-checkdocs (>=2.4)", "pytest-flake8", "pytest-cov", "pytest-enabler (>=1.0.1)", "jaraco.itertools", "func-timeout", "pytest-black (>=0.3.7)", "pytest-mypy (>=0.9.1)"]

[metadata]
lock-version = "1.1"
python-versions = "^3.7"
content-hash = "28f9464a5b606fe53949513c033a40be26d596126131690f2b47a19aa26214a6"

[metadata.files]
atomicwrites = [
    {file = "atomicwrites-1.4.0-py2.py3-none-any.whl", hash = "sha256:6d1784dea7c0c8d4a5172b6c620f40b6e4cbfdf96d783691f2e1302a7b88e197"},
    {file = "atomicwrites-1.4.0.tar.gz", hash = "sha256:ae70396ad1a434f9c7046fd2dd196fc04b12f9e91ffb859164193be8b6168a7a"},
]
attrs = [
    {file = "attrs-21.4.0-py2.py3-none-any.whl", hash = "sha256:2d27e3784d7a565d36ab851fe94887c5eccd6a463168875832a1be79c82828b4"},
    {file = "attrs-21.4.0.tar.gz", hash = "sha256:626ba8234211db98e869df76230a137c4c40a12d72445c45d5f5b716f076e2fd"},
]
certifi = [
    {file = "certifi-2022.6.15-py3-none-any.whl", hash = "sha256:fe86415d55e84719d75f8b69414f6438ac3547d2078ab91b67e779ef69378412"},
    {file = "certifi-2022.6.15.tar.gz", hash = "sha256:84c85a9078b11105f04f3036a9482ae10e4621616db313fe045dd24743a0820d"},
]
charset-normalizer = [
    {file = "charset-normalizer-2.0.12.tar.gz", hash = "sha256:2857e29ff0d34db842cd7ca3230549d1a697f96ee6d3fb071cfa6c7393832597"},
    {file = "charset_normalizer-2.0.12-py3-none-any.whl", hash = "sha256:6881edbebdb17b39b4eaaa821b438bf6eddffb4468cf344f09f89def34a8b1df"},
]
colorama = [
    {file = "colorama-0.4.4-py2.py3-none-any.whl", hash = "sha256:9f47eda37229f68eee03b24b9748937c7dc3868f906e8ba69fbcbdd3bc5dc3e2"},
    {file = "colorama-0.4.4.tar.gz", hash = "sha256:5941b2b48a20143d2267e95b1c2a7603ce057ee39fd88e7329b0c292aa16869b"},
]
commonmark = [
    {file = "commonmark-0.9.1-py2.py3-none-any.whl", hash = "sha256:da2f38c92590f83de410ba1a3cbceafbc74fee9def35f9251ba9a971d6d66fd9"},
    {file = "commonmark-0.9.1.tar.gz", hash = "sha256:452f9dc859be7f06631ddcb328b6919c67984aca654e5fefb3914d54691aed60"},
]
idna = [
    {file = "idna-3.3-py3-none-any.whl", hash = "sha256:84d9dd047ffa80596e0f246e2eab0b391788b0503584e8945f2368256d2735ff"},
    {file = "idna-3.3.tar.gz", hash = "sha256:9d643ff0a55b762d5cdb124b8eaa99c66322e2157b69160bc32796e824360e6d"},
]
imap-tools = [
    {file = "imap-tools-0.55.0.tar.gz", hash = "sha256:81e0069d81483aecc3ca46e57f5c41ffc39f1ba0041e416591d829f99f682623"},
    {file = "imap_tools-0.55.0-py3-none-any.whl", hash = "sha256:d32f3e165af9e56542c1a5beb2866537265ef4832c8bd2eb25982ee8ac70ea4f"},
]
importlib-metadata = [
    {file = "importlib_metadata-4.11.3-py3-none-any.whl", hash = "sha256:1208431ca90a8cca1a6b8af391bb53c1a2db74e5d1cef6ddced95d4b2062edc6"},
    {file = "importlib_metadata-4.11.3.tar.gz", hash = "sha256:ea4c597ebf37142f827b8f39299579e31685c31d3a438b59f469406afd0f2539"},
]
more-itertools = [
    {file = "more-itertools-8.13.0.tar.gz", hash = "sha256:a42901a0a5b169d925f6f217cd5a190e32ef54360905b9c39ee7db5313bfec0f"},
    {file = "more_itertools-8.13.0-py3-none-any.whl", hash = "sha256:c5122bffc5f104d37c1626b8615b511f3427aa5389b94d61e5ef8236bfbc3ddb"},
]
packaging = [
    {file = "packaging-21.3-py3-none-any.whl", hash = "sha256:ef103e05f519cdc783ae24ea4e2e0f508a9c99b2d4969652eed6a2e1ea5bd522"},
    {file = "packaging-21.3.tar.gz", hash = "sha256:dd47c42927d89ab911e606518907cc2d3a1f38bbd026385970643f9c5b8ecfeb"},
]
pluggy = [
    {file = "pluggy-0.13.1-py2.py3-none-any.whl", hash = "sha256:966c145cd83c96502c3c3868f50408687b38434af77734af1e9ca461a4081d2d"},
    {file = "pluggy-0.13.1.tar.gz", hash = "sha256:15b2acde666561e1298d71b523007ed7364de07029219b604cf808bfa1c765b0"},
]
py = [
    {file = "py-1.11.0-py2.py3-none-any.whl", hash = "sha256:607c53218732647dff4acdfcd50cb62615cedf612e72d1724fb1a0cc6405b378"},
    {file = "py-1.11.0.tar.gz", hash = "sha256:51c75c4126074b472f746a24399ad32f6053d1b34b68d2fa41e558e6f4a98719"},
]
pygments = [
    {file = "Pygments-2.12.0-py3-none-any.whl", hash = "sha256:dc9c10fb40944260f6ed4c688ece0cd2048414940f1cea51b8b226318411c519"},
    {file = "Pygments-2.12.0.tar.gz", hash = "sha256:5eb116118f9612ff1ee89ac96437bb6b49e8f04d8a13b514ba26f620208e26eb"},
]
pyparsing = [
    {file = "pyparsing-3.0.9-py3-none-any.whl", hash = "sha256:5026bae9a10eeaefb61dab2f09052b9f4307d44aee4eda64b309723d8d206bbc"},
    {file = "pyparsing-3.0.9.tar.gz", hash = "sha256:2b020ecf7d21b687f219b71ecad3631f644a47f01403fa1d1036b0c6416d70fb"},
]
pytest = [
    {file = "pytest-5.4.3-py3-none-any.whl", hash = "sha256:5c0db86b698e8f170ba4582a492248919255fcd4c79b1ee64ace34301fb589a1"},
    {file = "pytest-5.4.3.tar.gz", hash = "sha256:7979331bfcba207414f5e1263b5a0f8f521d0f457318836a7355531ed1a4c7d8"},
]
q = [
    {file = "q-2.6-py2.py3-none-any.whl", hash = "sha256:8687008a5b50ddc1c114392a37591cb4fbe082dcc8b02bdc6692689c69d08314"},
    {file = "q-2.6.tar.gz", hash = "sha256:de0fcf5a439754975dd8022c3bf26374b882d0fe4265aab8813f4e87e057eed5"},
]
requests = [
    {file = "requests-2.28.0-py3-none-any.whl", hash = "sha256:bc7861137fbce630f17b03d3ad02ad0bf978c844f3536d0edda6499dafce2b6f"},
    {file = "requests-2.28.0.tar.gz", hash = "sha256:d568723a7ebd25875d8d1eaf5dfa068cd2fc8194b2e483d7b1f7c81918dbec6b"},
]
rich = [
    {file = "rich-12.4.4-py3-none-any.whl", hash = "sha256:d2bbd99c320a2532ac71ff6a3164867884357da3e3301f0240090c5d2fdac7ec"},
    {file = "rich-12.4.4.tar.gz", hash = "sha256:4c586de507202505346f3e32d1363eb9ed6932f0c2f63184dea88983ff4971e2"},
]
tomli = [
    {file = "tomli-2.0.1-py3-none-any.whl", hash = "sha256:939de3e7a6161af0c887ef91b7d41a53e7c5a1ca976325f429cb46ea9bc30ecc"},
    {file = "tomli-2.0.1.tar.gz", hash = "sha256:de526c12914f0c550d15924c62d72abc48d6fe7364aa87328337a31007fe8a4f"},
]
typing-extensions = [
    {file = "typing_extensions-4.2.0-py3-none-any.whl", hash = "sha256:6657594ee297170d19f67d55c05852a874e7eb634f4f753dbd667855e07c1708"},
    {file = "typing_extensions-4.2.0.tar.gz", hash = "sha256:f1c24655a0da0d1b67f07e17a5e6b2a105894e6824b92096378bb3668ef02376"},
]
urllib3 = [
    {file = "urllib3-1.26.9-py2.py3-none-any.whl", hash = "sha256:44ece4d53fb1706f667c9bd1c648f5469a2ec925fcf3a776667042d645472c14"},
    {file = "urllib3-1.26.9.tar.gz", hash = "sha256:aabaf16477806a5e1dd19aa41f8c2b7950dd3c746362d7e3223dbe6de6ac448e"},
]
wcwidth = [
    {file = "wcwidth-0.2.5-py2.py3-none-any.whl", hash = "sha256:beb4802a9cebb9144e99086eff703a642a13d6a0052920003a230f3294bbe784"},
    {file = "wcwidth-0.2.5.tar.gz", hash = "sha256:c4d647b99872929fdb7bdcaa4fbe7f01413ed3d98077df798530e5b04f116c83"},
]
zipp = [
    {file = "zipp-3.8.0-py3-none-any.whl", hash = "sha256:c4f6e5bbf48e74f7a38e7cc5b0480ff42b0ae5178957d564d18932525d5cf099"},
    {file = "zipp-3.8.0.tar.gz", hash = "sha256:56bf8aadb83c24db6c4b577e13de374ccfb67da2078beba1d037c17980bf43ad"},
]
